// !$*UTF8*$!
{
	archiveVersion = 1;
	classes = {
	};
	objectVersion = 46;
	objects = {

/* Begin PBXBuildFile section */
		C6727E6B174E656D0012CD32 /* UIKit.framework in Frameworks */ = {isa = PBXBuildFile; fileRef = C6727E6A174E656D0012CD32 /* UIKit.framework */; };
		C6727E6D174E656D0012CD32 /* Foundation.framework in Frameworks */ = {isa = PBXBuildFile; fileRef = C6727E6C174E656D0012CD32 /* Foundation.framework */; };
		C6727E6F174E656D0012CD32 /* CoreGraphics.framework in Frameworks */ = {isa = PBXBuildFile; fileRef = C6727E6E174E656D0012CD32 /* CoreGraphics.framework */; };
		C6727E75174E656D0012CD32 /* InfoPlist.strings in Resources */ = {isa = PBXBuildFile; fileRef = C6727E73174E656D0012CD32 /* InfoPlist.strings */; };
		C6727E77174E656D0012CD32 /* main.m in Sources */ = {isa = PBXBuildFile; fileRef = C6727E76174E656D0012CD32 /* main.m */; };
		C6727E7B174E656D0012CD32 /* AppDelegate.m in Sources */ = {isa = PBXBuildFile; fileRef = C6727E7A174E656D0012CD32 /* AppDelegate.m */; };
		C6727E7D174E656D0012CD32 /* Default.png in Resources */ = {isa = PBXBuildFile; fileRef = C6727E7C174E656D0012CD32 /* Default.png */; };
		C6727E7F174E656D0012CD32 /* Default@2x.png in Resources */ = {isa = PBXBuildFile; fileRef = C6727E7E174E656D0012CD32 /* Default@2x.png */; };
		C6727E81174E656D0012CD32 /* Default-568h@2x.png in Resources */ = {isa = PBXBuildFile; fileRef = C6727E80174E656D0012CD32 /* Default-568h@2x.png */; };
		C6727E84174E656D0012CD32 /* RootViewController.m in Sources */ = {isa = PBXBuildFile; fileRef = C6727E83174E656D0012CD32 /* RootViewController.m */; };
		C6727E87174E656D0012CD32 /* DataViewController.m in Sources */ = {isa = PBXBuildFile; fileRef = C6727E86174E656D0012CD32 /* DataViewController.m */; };
		C6727E8A174E656D0012CD32 /* ModelController.m in Sources */ = {isa = PBXBuildFile; fileRef = C6727E89174E656D0012CD32 /* ModelController.m */; };
		C6727E8D174E656D0012CD32 /* MainStoryboard.storyboard in Resources */ = {isa = PBXBuildFile; fileRef = C6727E8B174E656D0012CD32 /* MainStoryboard.storyboard */; };
/* End PBXBuildFile section */

/* Begin PBXFileReference section */
		C6727E67174E656D0012CD32 /* SutraDiamond2.app */ = {isa = PBXFileReference; explicitFileType = wrapper.application; includeInIndex = 0; path = SutraDiamond2.app; sourceTree = BUILT_PRODUCTS_DIR; };
		C6727E6A174E656D0012CD32 /* UIKit.framework */ = {isa = PBXFileReference; lastKnownFileType = wrapper.framework; name = UIKit.framework; path = System/Library/Frameworks/UIKit.framework; sourceTree = SDKROOT; };
		C6727E6C174E656D0012CD32 /* Foundation.framework */ = {isa = PBXFileReference; lastKnownFileType = wrapper.framework; name = Foundation.framework; path = System/Library/Frameworks/Foundation.framework; sourceTree = SDKROOT; };
		C6727E6E174E656D0012CD32 /* CoreGraphics.framework */ = {isa = PBXFileReference; lastKnownFileType = wrapper.framework; name = CoreGraphics.framework; path = System/Library/Frameworks/CoreGraphics.framework; sourceTree = SDKROOT; };
		C6727E72174E656D0012CD32 /* SutraDiamond2-Info.plist */ = {isa = PBXFileReference; lastKnownFileType = text.plist.xml; path = "SutraDiamond2-Info.plist"; sourceTree = "<group>"; };
		C6727E74174E656D0012CD32 /* en */ = {isa = PBXFileReference; lastKnownFileType = text.plist.strings; name = en; path = en.lproj/InfoPlist.strings; sourceTree = "<group>"; };
		C6727E76174E656D0012CD32 /* main.m */ = {isa = PBXFileReference; lastKnownFileType = sourcecode.c.objc; path = main.m; sourceTree = "<group>"; };
		C6727E78174E656D0012CD32 /* SutraDiamond2-Prefix.pch */ = {isa = PBXFileReference; lastKnownFileType = sourcecode.c.h; path = "SutraDiamond2-Prefix.pch"; sourceTree = "<group>"; };
		C6727E79174E656D0012CD32 /* AppDelegate.h */ = {isa = PBXFileReference; lastKnownFileType = sourcecode.c.h; path = AppDelegate.h; sourceTree = "<group>"; };
		C6727E7A174E656D0012CD32 /* AppDelegate.m */ = {isa = PBXFileReference; lastKnownFileType = sourcecode.c.objc; path = AppDelegate.m; sourceTree = "<group>"; };
		C6727E7C174E656D0012CD32 /* Default.png */ = {isa = PBXFileReference; lastKnownFileType = image.png; path = Default.png; sourceTree = "<group>"; };
		C6727E7E174E656D0012CD32 /* Default@2x.png */ = {isa = PBXFileReference; lastKnownFileType = image.png; path = "Default@2x.png"; sourceTree = "<group>"; };
		C6727E80174E656D0012CD32 /* Default-568h@2x.png */ = {isa = PBXFileReference; lastKnownFileType = image.png; path = "Default-568h@2x.png"; sourceTree = "<group>"; };
		C6727E82174E656D0012CD32 /* RootViewController.h */ = {isa = PBXFileReference; lastKnownFileType = sourcecode.c.h; path = RootViewController.h; sourceTree = "<group>"; };
		C6727E83174E656D0012CD32 /* RootViewController.m */ = {isa = PBXFileReference; lastKnownFileType = sourcecode.c.objc; path = RootViewController.m; sourceTree = "<group>"; };
		C6727E85174E656D0012CD32 /* DataViewController.h */ = {isa = PBXFileReference; lastKnownFileType = sourcecode.c.h; path = DataViewController.h; sourceTree = "<group>"; };
		C6727E86174E656D0012CD32 /* DataViewController.m */ = {isa = PBXFileReference; lastKnownFileType = sourcecode.c.objc; path = DataViewController.m; sourceTree = "<group>"; };
		C6727E88174E656D0012CD32 /* ModelController.h */ = {isa = PBXFileReference; lastKnownFileType = sourcecode.c.h; path = ModelController.h; sourceTree = "<group>"; };
		C6727E89174E656D0012CD32 /* ModelController.m */ = {isa = PBXFileReference; lastKnownFileType = sourcecode.c.objc; path = ModelController.m; sourceTree = "<group>"; };
		C6727E8C174E656D0012CD32 /* en */ = {isa = PBXFileReference; lastKnownFileType = file.storyboard; name = en; path = en.lproj/MainStoryboard.storyboard; sourceTree = "<group>"; };
/* End PBXFileReference section */

/* Begin PBXFrameworksBuildPhase section */
		C6727E64174E656D0012CD32 /* Frameworks */ = {
			isa = PBXFrameworksBuildPhase;
			buildActionMask = 2147483647;
			files = (
				C6727E6B174E656D0012CD32 /* UIKit.framework in Frameworks */,
				C6727E6D174E656D0012CD32 /* Foundation.framework in Frameworks */,
				C6727E6F174E656D0012CD32 /* CoreGraphics.framework in Frameworks */,
			);
			runOnlyForDeploymentPostprocessing = 0;
		};
/* End PBXFrameworksBuildPhase section */

/* Begin PBXGroup section */
		C6727E5E174E656D0012CD32 = {
			isa = PBXGroup;
			children = (
				C6727E70174E656D0012CD32 /* SutraDiamond2 */,
				C6727E69174E656D0012CD32 /* Frameworks */,
				C6727E68174E656D0012CD32 /* Products */,
			);
			sourceTree = "<group>";
		};
		C6727E68174E656D0012CD32 /* Products */ = {
			isa = PBXGroup;
			children = (
				C6727E67174E656D0012CD32 /* SutraDiamond2.app */,
			);
			name = Products;
			sourceTree = "<group>";
		};
		C6727E69174E656D0012CD32 /* Frameworks */ = {
			isa = PBXGroup;
			children = (
				C6727E6A174E656D0012CD32 /* UIKit.framework */,
				C6727E6C174E656D0012CD32 /* Foundation.framework */,
				C6727E6E174E656D0012CD32 /* CoreGraphics.framework */,
			);
			name = Frameworks;
			sourceTree = "<group>";
		};
		C6727E70174E656D0012CD32 /* SutraDiamond2 */ = {
			isa = PBXGroup;
			children = (
				C6727E79174E656D0012CD32 /* AppDelegate.h */,
				C6727E7A174E656D0012CD32 /* AppDelegate.m */,
				C6727E82174E656D0012CD32 /* RootViewController.h */,
				C6727E83174E656D0012CD32 /* RootViewController.m */,
				C6727E85174E656D0012CD32 /* DataViewController.h */,
				C6727E86174E656D0012CD32 /* DataViewController.m */,
				C6727E88174E656D0012CD32 /* ModelController.h */,
				C6727E89174E656D0012CD32 /* ModelController.m */,
				C6727E8B174E656D0012CD32 /* MainStoryboard.storyboard */,
				C6727E71174E656D0012CD32 /* Supporting Files */,
			);
			path = SutraDiamond2;
			sourceTree = "<group>";
		};
		C6727E71174E656D0012CD32 /* Supporting Files */ = {
			isa = PBXGroup;
			children = (
				C6727E72174E656D0012CD32 /* SutraDiamond2-Info.plist */,
				C6727E73174E656D0012CD32 /* InfoPlist.strings */,
				C6727E76174E656D0012CD32 /* main.m */,
				C6727E78174E656D0012CD32 /* SutraDiamond2-Prefix.pch */,
				C6727E7C174E656D0012CD32 /* Default.png */,
				C6727E7E174E656D0012CD32 /* Default@2x.png */,
				C6727E80174E656D0012CD32 /* Default-568h@2x.png */,
			);
			name = "Supporting Files";
			sourceTree = "<group>";
		};
/* End PBXGroup section */

/* Begin PBXNativeTarget section */
		C6727E66174E656D0012CD32 /* SutraDiamond2 */ = {
			isa = PBXNativeTarget;
			buildConfigurationList = C6727E90174E656D0012CD32 /* Build configuration list for PBXNativeTarget "SutraDiamond2" */;
			buildPhases = (
				C6727E63174E656D0012CD32 /* Sources */,
				C6727E64174E656D0012CD32 /* Frameworks */,
				C6727E65174E656D0012CD32 /* Resources */,
			);
			buildRules = (
			);
			dependencies = (
			);
			name = SutraDiamond2;
			productName = SutraDiamond2;
			productReference = C6727E67174E656D0012CD32 /* SutraDiamond2.app */;
			productType = "com.apple.product-type.application";
		};
/* End PBXNativeTarget section */

/* Begin PBXProject section */
		C6727E5F174E656D0012CD32 /* Project object */ = {
			isa = PBXProject;
			attributes = {
				LastUpgradeCheck = 0460;
				ORGANIZATIONNAME = omqal;
			};
			buildConfigurationList = C6727E62174E656D0012CD32 /* Build configuration list for PBXProject "SutraDiamond2" */;
			compatibilityVersion = "Xcode 3.2";
			developmentRegion = English;
			hasScannedForEncodings = 0;
			knownRegions = (
				en,
			);
			mainGroup = C6727E5E174E656D0012CD32;
			productRefGroup = C6727E68174E656D0012CD32 /* Products */;
			projectDirPath = "";
			projectRoot = "";
			targets = (
				C6727E66174E656D0012CD32 /* SutraDiamond2 */,
			);
		};
/* End PBXProject section */

/* Begin PBXResourcesBuildPhase section */
		C6727E65174E656D0012CD32 /* Resources */ = {
			isa = PBXResourcesBuildPhase;
			buildActionMask = 2147483647;
			files = (
				C6727E75174E656D0012CD32 /* InfoPlist.strings in Resources */,
				C6727E7D174E656D0012CD32 /* Default.png in Resources */,
				C6727E7F174E656D0012CD32 /* Default@2x.png in Resources */,
				C6727E81174E656D0012CD32 /* Default-568h@2x.png in Resources */,
				C6727E8D174E656D0012CD32 /* MainStoryboard.storyboard in Resources */,
			);
			runOnlyForDeploymentPostprocessing = 0;
		};
/* End PBXResourcesBuildPhase section */

/* Begin PBXSourcesBuildPhase section */
		C6727E63174E656D0012CD32 /* Sources */ = {
			isa = PBXSourcesBuildPhase;
			buildActionMask = 2147483647;
			files = (
				C6727E77174E656D0012CD32 /* main.m in Sources */,
				C6727E7B174E656D0012CD32 /* AppDelegate.m in Sources */,
				C6727E84174E656D0012CD32 /* RootViewController.m in Sources */,
				C6727E87174E656D0012CD32 /* DataViewController.m in Sources */,
				C6727E8A174E656D0012CD32 /* ModelController.m in Sources */,
			);
			runOnlyForDeploymentPostprocessing = 0;
		};
/* End PBXSourcesBuildPhase section */

/* Begin PBXVariantGroup section */
		C6727E73174E656D0012CD32 /* InfoPlist.strings */ = {
			isa = PBXVariantGroup;
			children = (
				C6727E74174E656D0012CD32 /* en */,
			);
			name = InfoPlist.strings;
			sourceTree = "<group>";
		};
		C6727E8B174E656D0012CD32 /* MainStoryboard.storyboard */ = {
			isa = PBXVariantGroup;
			children = (
				C6727E8C174E656D0012CD32 /* en */,
			);
			name = MainStoryboard.storyboard;
			sourceTree = "<group>";
		};
/* End PBXVariantGroup section */

/* Begin XCBuildConfiguration section */
		C6727E8E174E656D0012CD32 /* Debug */ = {
			isa = XCBuildConfiguration;
			buildSettings = {
				ALWAYS_SEARCH_USER_PATHS = NO;
				CLANG_CXX_LANGUAGE_STANDARD = "gnu++0x";
				CLANG_CXX_LIBRARY = "libc++";
				CLANG_WARN_CONSTANT_CONVERSION = YES;
				CLANG_WARN_EMPTY_BODY = YES;
				CLANG_WARN_ENUM_CONVERSION = YES;
				CLANG_WARN_INT_CONVERSION = YES;
				CLANG_WARN__DUPLICATE_METHOD_MATCH = YES;
				"CODE_SIGN_IDENTITY[sdk=iphoneos*]" = "iPhone Developer";
				COPY_PHASE_STRIP = NO;
				GCC_C_LANGUAGE_STANDARD = gnu99;
				GCC_DYNAMIC_NO_PIC = NO;
				GCC_OPTIMIZATION_LEVEL = 0;
				GCC_PREPROCESSOR_DEFINITIONS = (
					"DEBUG=1",
					"$(inherited)",
				);
				GCC_SYMBOLS_PRIVATE_EXTERN = NO;
				GCC_WARN_ABOUT_RETURN_TYPE = YES;
				GCC_WARN_UNINITIALIZED_AUTOS = YES;
				GCC_WARN_UNUSED_VARIABLE = YES;
				IPHONEOS_DEPLOYMENT_TARGET = 6.1;
				ONLY_ACTIVE_ARCH = YES;
				SDKROOT = iphoneos;
			};
			name = Debug;
		};
		C6727E8F174E656D0012CD32 /* Release */ = {
			isa = XCBuildConfiguration;
			buildSettings = {
				ALWAYS_SEARCH_USER_PATHS = NO;
				CLANG_CXX_LANGUAGE_STANDARD = "gnu++0x";
				CLANG_CXX_LIBRARY = "libc++";
				CLANG_WARN_CONSTANT_CONVERSION = YES;
				CLANG_WARN_EMPTY_BODY = YES;
				CLANG_WARN_ENUM_CONVERSION = YES;
				CLANG_WARN_INT_CONVERSION = YES;
				CLANG_WARN__DUPLICATE_METHOD_MATCH = YES;
				"CODE_SIGN_IDENTITY[sdk=iphoneos*]" = "iPhone Developer";
				COPY_PHASE_STRIP = YES;
				GCC_C_LANGUAGE_STANDARD = gnu99;
				GCC_WARN_ABOUT_RETURN_TYPE = YES;
				GCC_WARN_UNINITIALIZED_AUTOS = YES;
				GCC_WARN_UNUSED_VARIABLE = YES;
				IPHONEOS_DEPLOYMENT_TARGET = 6.1;
				OTHER_CFLAGS = "-DNS_BLOCK_ASSERTIONS=1";
				SDKROOT = iphoneos;
				VALIDATE_PRODUCT = YES;
			};
			name = Release;
		};
		C6727E91174E656D0012CD32 /* Debug */ = {
			isa = XCBuildConfiguration;
			buildSettings = {
				GCC_PRECOMPILE_PREFIX_HEADER = YES;
				GCC_PREFIX_HEADER = "SutraDiamond2/SutraDiamond2-Prefix.pch";
				INFOPLIST_FILE = "SutraDiamond2/SutraDiamond2-Info.plist";
				PRODUCT_NAME = "$(TARGET_NAME)";
				WRAPPER_EXTENSION = app;
			};
			name = Debug;
		};
		C6727E92174E656D0012CD32 /* Release */ = {
			isa = XCBuildConfiguration;
			buildSettings = {
				GCC_PRECOMPILE_PREFIX_HEADER = YES;
				GCC_PREFIX_HEADER = "SutraDiamond2/SutraDiamond2-Prefix.pch";
				INFOPLIST_FILE = "SutraDiamond2/SutraDiamond2-Info.plist";
				PRODUCT_NAME = "$(TARGET_NAME)";
				WRAPPER_EXTENSION = app;
			};
			name = Release;
		};
/* End XCBuildConfiguration section */

/* Begin XCConfigurationList section */
		C6727E62174E656D0012CD32 /* Build configuration list for PBXProject "SutraDiamond2" */ = {
			isa = XCConfigurationList;
			buildConfigurations = (
				C6727E8E174E656D0012CD32 /* Debug */,
				C6727E8F174E656D0012CD32 /* Release */,
			);
			defaultConfigurationIsVisible = 0;
			defaultConfigurationName = Release;
		};
		C6727E90174E656D0012CD32 /* Build configuration list for PBXNativeTarget "SutraDiamond2" */ = {
			isa = XCConfigurationList;
			buildConfigurations = (
				C6727E91174E656D0012CD32 /* Debug */,
				C6727E92174E656D0012CD32 /* Release */,
			);
			defaultConfigurationIsVisible = 0;
		};
/* End XCConfigurationList section */
	};
	rootObject = C6727E5F174E656D0012CD32 /* Project object */;
}
